
Microsoft Visual Studio Solution File, Format Version 12.00
# Visual Studio Version 17
VisualStudioVersion = 17.10.34916.146
MinimumVisualStudioVersion = 10.0.40219.1
Project("{9A19103F-16F7-4668-BE54-9A1E7A4F7556}") = "CommandBridge", "CommandBridge\CommandBridge.csproj", "{C4612ABC-D6BB-4A7F-A68D-B0015DE1745B}"
EndProject
Project("{9A19103F-16F7-4668-BE54-9A1E7A4F7556}") = "CommandBridge.UnitTests", "CommandBridge.UnitTests\CommandBridge.UnitTests.csproj", "{79E3EE52-1882-49DA-A98C-61178F17CD0A}"
EndProject
Project("{2150E333-8FDC-42A3-9474-1A3956D46DE8}") = ".git", ".git", "{A913034A-259A-4B62-975E-E2A660B5D32F}"
	ProjectSection(SolutionItems) = preProject
		..\.gitignore = ..\.gitignore
		..\LICENSE = ..\LICENSE
	EndProjectSection
EndProject
Project("{2150E333-8FDC-42A3-9474-1A3956D46DE8}") = ".documents", ".documents", "{5CFA7A16-B0E6-4780-A0ED-CBA9DCBA73FF}"
	ProjectSection(SolutionItems) = preProject
		..\README.md = ..\README.md
	EndProjectSection
EndProject
Global
	GlobalSection(SolutionConfigurationPlatforms) = preSolution
		Debug|Any CPU = Debug|Any CPU
		Release|Any CPU = Release|Any CPU
	EndGlobalSection
	GlobalSection(ProjectConfigurationPlatforms) = postSolution
		{C4612ABC-D6BB-4A7F-A68D-B0015DE1745B}.Debug|Any CPU.ActiveCfg = Debug|Any CPU
		{C4612ABC-D6BB-4A7F-A68D-B0015DE1745B}.Debug|Any CPU.Build.0 = Debug|Any CPU
		{C4612ABC-D6BB-4A7F-A68D-B0015DE1745B}.Release|Any CPU.ActiveCfg = Release|Any CPU
		{C4612ABC-D6BB-4A7F-A68D-B0015DE1745B}.Release|Any CPU.Build.0 = Release|Any CPU
		{79E3EE52-1882-49DA-A98C-61178F17CD0A}.Debug|Any CPU.ActiveCfg = Debug|Any CPU
		{79E3EE52-1882-49DA-A98C-61178F17CD0A}.Debug|Any CPU.Build.0 = Debug|Any CPU
		{79E3EE52-1882-49DA-A98C-61178F17CD0A}.Release|Any CPU.ActiveCfg = Release|Any CPU
		{79E3EE52-1882-49DA-A98C-61178F17CD0A}.Release|Any CPU.Build.0 = Release|Any CPU
	EndGlobalSection
	GlobalSection(SolutionProperties) = preSolution
		HideSolutionNode = FALSE
	EndGlobalSection
	GlobalSection(ExtensibilityGlobals) = postSolution
		SolutionGuid = {EA3C0E38-FA4F-4F25-856C-DAE517068291}
	EndGlobalSection
EndGlobal
